// !$*UTF8*$!
{
	archiveVersion = 1;
	classes = {
	};
	objectVersion = 50;
	objects = {

/* Begin PBXBuildFile section */
		A4BF6FA325FEE686006DD3B0 /* AppDelegate.swift in Sources */ = {isa = PBXBuildFile; fileRef = A4BF6FA225FEE686006DD3B0 /* AppDelegate.swift */; };
		A4BF6FA525FEE686006DD3B0 /* SceneDelegate.swift in Sources */ = {isa = PBXBuildFile; fileRef = A4BF6FA425FEE686006DD3B0 /* SceneDelegate.swift */; };
		A4BF6FA725FEE686006DD3B0 /* ViewController.swift in Sources */ = {isa = PBXBuildFile; fileRef = A4BF6FA625FEE686006DD3B0 /* ViewController.swift */; };
		A4BF6FAA25FEE686006DD3B0 /* Main.storyboard in Resources */ = {isa = PBXBuildFile; fileRef = A4BF6FA825FEE686006DD3B0 /* Main.storyboard */; };
		A4BF6FAC25FEE688006DD3B0 /* Assets.xcassets in Resources */ = {isa = PBXBuildFile; fileRef = A4BF6FAB25FEE688006DD3B0 /* Assets.xcassets */; };
		A4BF6FAF25FEE688006DD3B0 /* LaunchScreen.storyboard in Resources */ = {isa = PBXBuildFile; fileRef = A4BF6FAD25FEE688006DD3B0 /* LaunchScreen.storyboard */; };
		A4BF6FBA25FEE688006DD3B0 /* Task7Tests.swift in Sources */ = {isa = PBXBuildFile; fileRef = A4BF6FB925FEE688006DD3B0 /* Task7Tests.swift */; };
		A4BF6FC525FEE688006DD3B0 /* Task7UITests.swift in Sources */ = {isa = PBXBuildFile; fileRef = A4BF6FC425FEE688006DD3B0 /* Task7UITests.swift */; };
/* End PBXBuildFile section */

/* Begin PBXContainerItemProxy section */
		A4BF6FB625FEE688006DD3B0 /* PBXContainerItemProxy */ = {
			isa = PBXContainerItemProxy;
			containerPortal = A4BF6F9725FEE686006DD3B0 /* Project object */;
			proxyType = 1;
			remoteGlobalIDString = A4BF6F9E25FEE686006DD3B0;
			remoteInfo = Task7;
		};
		A4BF6FC125FEE688006DD3B0 /* PBXContainerItemProxy */ = {
			isa = PBXContainerItemProxy;
			containerPortal = A4BF6F9725FEE686006DD3B0 /* Project object */;
			proxyType = 1;
			remoteGlobalIDString = A4BF6F9E25FEE686006DD3B0;
			remoteInfo = Task7;
		};
/* End PBXContainerItemProxy section */

/* Begin PBXFileReference section */
		A4BF6F9F25FEE686006DD3B0 /* Task7.app */ = {isa = PBXFileReference; explicitFileType = wrapper.application; includeInIndex = 0; path = Task7.app; sourceTree = BUILT_PRODUCTS_DIR; };
		A4BF6FA225FEE686006DD3B0 /* AppDelegate.swift */ = {isa = PBXFileReference; lastKnownFileType = sourcecode.swift; path = AppDelegate.swift; sourceTree = "<group>"; };
		A4BF6FA425FEE686006DD3B0 /* SceneDelegate.swift */ = {isa = PBXFileReference; lastKnownFileType = sourcecode.swift; path = SceneDelegate.swift; sourceTree = "<group>"; };
		A4BF6FA625FEE686006DD3B0 /* ViewController.swift */ = {isa = PBXFileReference; lastKnownFileType = sourcecode.swift; path = ViewController.swift; sourceTree = "<group>"; };
		A4BF6FA925FEE686006DD3B0 /* Base */ = {isa = PBXFileReference; lastKnownFileType = file.storyboard; name = Base; path = Base.lproj/Main.storyboard; sourceTree = "<group>"; };
		A4BF6FAB25FEE688006DD3B0 /* Assets.xcassets */ = {isa = PBXFileReference; lastKnownFileType = folder.assetcatalog; path = Assets.xcassets; sourceTree = "<group>"; };
		A4BF6FAE25FEE688006DD3B0 /* Base */ = {isa = PBXFileReference; lastKnownFileType = file.storyboard; name = Base; path = Base.lproj/LaunchScreen.storyboard; sourceTree = "<group>"; };
		A4BF6FB025FEE688006DD3B0 /* Info.plist */ = {isa = PBXFileReference; lastKnownFileType = text.plist.xml; path = Info.plist; sourceTree = "<group>"; };
		A4BF6FB525FEE688006DD3B0 /* Task7Tests.xctest */ = {isa = PBXFileReference; explicitFileType = wrapper.cfbundle; includeInIndex = 0; path = Task7Tests.xctest; sourceTree = BUILT_PRODUCTS_DIR; };
		A4BF6FB925FEE688006DD3B0 /* Task7Tests.swift */ = {isa = PBXFileReference; lastKnownFileType = sourcecode.swift; path = Task7Tests.swift; sourceTree = "<group>"; };
		A4BF6FBB25FEE688006DD3B0 /* Info.plist */ = {isa = PBXFileReference; lastKnownFileType = text.plist.xml; path = Info.plist; sourceTree = "<group>"; };
		A4BF6FC025FEE688006DD3B0 /* Task7UITests.xctest */ = {isa = PBXFileReference; explicitFileType = wrapper.cfbundle; includeInIndex = 0; path = Task7UITests.xctest; sourceTree = BUILT_PRODUCTS_DIR; };
		A4BF6FC425FEE688006DD3B0 /* Task7UITests.swift */ = {isa = PBXFileReference; lastKnownFileType = sourcecode.swift; path = Task7UITests.swift; sourceTree = "<group>"; };
		A4BF6FC625FEE688006DD3B0 /* Info.plist */ = {isa = PBXFileReference; lastKnownFileType = text.plist.xml; path = Info.plist; sourceTree = "<group>"; };
/* End PBXFileReference section */

/* Begin PBXFrameworksBuildPhase section */
		A4BF6F9C25FEE686006DD3B0 /* Frameworks */ = {
			isa = PBXFrameworksBuildPhase;
			buildActionMask = 2147483647;
			files = (
			);
			runOnlyForDeploymentPostprocessing = 0;
		};
		A4BF6FB225FEE688006DD3B0 /* Frameworks */ = {
			isa = PBXFrameworksBuildPhase;
			buildActionMask = 2147483647;
			files = (
			);
			runOnlyForDeploymentPostprocessing = 0;
		};
		A4BF6FBD25FEE688006DD3B0 /* Frameworks */ = {
			isa = PBXFrameworksBuildPhase;
			buildActionMask = 2147483647;
			files = (
			);
			runOnlyForDeploymentPostprocessing = 0;
		};
/* End PBXFrameworksBuildPhase section */

/* Begin PBXGroup section */
		A4BF6F9625FEE686006DD3B0 = {
			isa = PBXGroup;
			children = (
				A4BF6FA125FEE686006DD3B0 /* Task7 */,
				A4BF6FB825FEE688006DD3B0 /* Task7Tests */,
				A4BF6FC325FEE688006DD3B0 /* Task7UITests */,
				A4BF6FA025FEE686006DD3B0 /* Products */,
			);
			sourceTree = "<group>";
		};
		A4BF6FA025FEE686006DD3B0 /* Products */ = {
			isa = PBXGroup;
			children = (
				A4BF6F9F25FEE686006DD3B0 /* Task7.app */,
				A4BF6FB525FEE688006DD3B0 /* Task7Tests.xctest */,
				A4BF6FC025FEE688006DD3B0 /* Task7UITests.xctest */,
			);
			name = Products;
			sourceTree = "<group>";
		};
		A4BF6FA125FEE686006DD3B0 /* Task7 */ = {
			isa = PBXGroup;
			children = (
				A4BF6FA225FEE686006DD3B0 /* AppDelegate.swift */,
				A4BF6FA425FEE686006DD3B0 /* SceneDelegate.swift */,
				A4BF6FA625FEE686006DD3B0 /* ViewController.swift */,
				A4BF6FA825FEE686006DD3B0 /* Main.storyboard */,
				A4BF6FAB25FEE688006DD3B0 /* Assets.xcassets */,
				A4BF6FAD25FEE688006DD3B0 /* LaunchScreen.storyboard */,
				A4BF6FB025FEE688006DD3B0 /* Info.plist */,
			);
			path = Task7;
			sourceTree = "<group>";
		};
		A4BF6FB825FEE688006DD3B0 /* Task7Tests */ = {
			isa = PBXGroup;
			children = (
				A4BF6FB925FEE688006DD3B0 /* Task7Tests.swift */,
				A4BF6FBB25FEE688006DD3B0 /* Info.plist */,
			);
			path = Task7Tests;
			sourceTree = "<group>";
		};
		A4BF6FC325FEE688006DD3B0 /* Task7UITests */ = {
			isa = PBXGroup;
			children = (
				A4BF6FC425FEE688006DD3B0 /* Task7UITests.swift */,
				A4BF6FC625FEE688006DD3B0 /* Info.plist */,
			);
			path = Task7UITests;
			sourceTree = "<group>";
		};
/* End PBXGroup section */

/* Begin PBXNativeTarget section */
		A4BF6F9E25FEE686006DD3B0 /* Task7 */ = {
			isa = PBXNativeTarget;
			buildConfigurationList = A4BF6FC925FEE688006DD3B0 /* Build configuration list for PBXNativeTarget "Task7" */;
			buildPhases = (
				A4BF6F9B25FEE686006DD3B0 /* Sources */,
				A4BF6F9C25FEE686006DD3B0 /* Frameworks */,
				A4BF6F9D25FEE686006DD3B0 /* Resources */,
			);
			buildRules = (
			);
			dependencies = (
			);
			name = Task7;
			productName = Task7;
			productReference = A4BF6F9F25FEE686006DD3B0 /* Task7.app */;
			productType = "com.apple.product-type.application";
		};
		A4BF6FB425FEE688006DD3B0 /* Task7Tests */ = {
			isa = PBXNativeTarget;
			buildConfigurationList = A4BF6FCC25FEE688006DD3B0 /* Build configuration list for PBXNativeTarget "Task7Tests" */;
			buildPhases = (
				A4BF6FB125FEE688006DD3B0 /* Sources */,
				A4BF6FB225FEE688006DD3B0 /* Frameworks */,
				A4BF6FB325FEE688006DD3B0 /* Resources */,
			);
			buildRules = (
			);
			dependencies = (
				A4BF6FB725FEE688006DD3B0 /* PBXTargetDependency */,
			);
			name = Task7Tests;
			productName = Task7Tests;
			productReference = A4BF6FB525FEE688006DD3B0 /* Task7Tests.xctest */;
			productType = "com.apple.product-type.bundle.unit-test";
		};
		A4BF6FBF25FEE688006DD3B0 /* Task7UITests */ = {
			isa = PBXNativeTarget;
			buildConfigurationList = A4BF6FCF25FEE688006DD3B0 /* Build configuration list for PBXNativeTarget "Task7UITests" */;
			buildPhases = (
				A4BF6FBC25FEE688006DD3B0 /* Sources */,
				A4BF6FBD25FEE688006DD3B0 /* Frameworks */,
				A4BF6FBE25FEE688006DD3B0 /* Resources */,
			);
			buildRules = (
			);
			dependencies = (
				A4BF6FC225FEE688006DD3B0 /* PBXTargetDependency */,
			);
			name = Task7UITests;
			productName = Task7UITests;
			productReference = A4BF6FC025FEE688006DD3B0 /* Task7UITests.xctest */;
			productType = "com.apple.product-type.bundle.ui-testing";
		};
/* End PBXNativeTarget section */

/* Begin PBXProject section */
		A4BF6F9725FEE686006DD3B0 /* Project object */ = {
			isa = PBXProject;
			attributes = {
				LastSwiftUpdateCheck = 1240;
				LastUpgradeCheck = 1240;
				TargetAttributes = {
					A4BF6F9E25FEE686006DD3B0 = {
						CreatedOnToolsVersion = 12.4;
					};
					A4BF6FB425FEE688006DD3B0 = {
						CreatedOnToolsVersion = 12.4;
						TestTargetID = A4BF6F9E25FEE686006DD3B0;
					};
					A4BF6FBF25FEE688006DD3B0 = {
						CreatedOnToolsVersion = 12.4;
						TestTargetID = A4BF6F9E25FEE686006DD3B0;
					};
				};
			};
			buildConfigurationList = A4BF6F9A25FEE686006DD3B0 /* Build configuration list for PBXProject "Task7" */;
			compatibilityVersion = "Xcode 9.3";
			developmentRegion = en;
			hasScannedForEncodings = 0;
			knownRegions = (
				en,
				Base,
			);
			mainGroup = A4BF6F9625FEE686006DD3B0;
			productRefGroup = A4BF6FA025FEE686006DD3B0 /* Products */;
			projectDirPath = "";
			projectRoot = "";
			targets = (
				A4BF6F9E25FEE686006DD3B0 /* Task7 */,
				A4BF6FB425FEE688006DD3B0 /* Task7Tests */,
				A4BF6FBF25FEE688006DD3B0 /* Task7UITests */,
			);
		};
/* End PBXProject section */

/* Begin PBXResourcesBuildPhase section */
		A4BF6F9D25FEE686006DD3B0 /* Resources */ = {
			isa = PBXResourcesBuildPhase;
			buildActionMask = 2147483647;
			files = (
				A4BF6FAF25FEE688006DD3B0 /* LaunchScreen.storyboard in Resources */,
				A4BF6FAC25FEE688006DD3B0 /* Assets.xcassets in Resources */,
				A4BF6FAA25FEE686006DD3B0 /* Main.storyboard in Resources */,
			);
			runOnlyForDeploymentPostprocessing = 0;
		};
		A4BF6FB325FEE688006DD3B0 /* Resources */ = {
			isa = PBXResourcesBuildPhase;
			buildActionMask = 2147483647;
			files = (
			);
			runOnlyForDeploymentPostprocessing = 0;
		};
		A4BF6FBE25FEE688006DD3B0 /* Resources */ = {
			isa = PBXResourcesBuildPhase;
			buildActionMask = 2147483647;
			files = (
			);
			runOnlyForDeploymentPostprocessing = 0;
		};
/* End PBXResourcesBuildPhase section */

/* Begin PBXSourcesBuildPhase section */
		A4BF6F9B25FEE686006DD3B0 /* Sources */ = {
			isa = PBXSourcesBuildPhase;
			buildActionMask = 2147483647;
			files = (
				A4BF6FA725FEE686006DD3B0 /* ViewController.swift in Sources */,
				A4BF6FA325FEE686006DD3B0 /* AppDelegate.swift in Sources */,
				A4BF6FA525FEE686006DD3B0 /* SceneDelegate.swift in Sources */,
			);
			runOnlyForDeploymentPostprocessing = 0;
		};
		A4BF6FB125FEE688006DD3B0 /* Sources */ = {
			isa = PBXSourcesBuildPhase;
			buildActionMask = 2147483647;
			files = (
				A4BF6FBA25FEE688006DD3B0 /* Task7Tests.swift in Sources */,
			);
			runOnlyForDeploymentPostprocessing = 0;
		};
		A4BF6FBC25FEE688006DD3B0 /* Sources */ = {
			isa = PBXSourcesBuildPhase;
			buildActionMask = 2147483647;
			files = (
				A4BF6FC525FEE688006DD3B0 /* Task7UITests.swift in Sources */,
			);
			runOnlyForDeploymentPostprocessing = 0;
		};
/* End PBXSourcesBuildPhase section */

/* Begin PBXTargetDependency section */
		A4BF6FB725FEE688006DD3B0 /* PBXTargetDependency */ = {
			isa = PBXTargetDependency;
			target = A4BF6F9E25FEE686006DD3B0 /* Task7 */;
			targetProxy = A4BF6FB625FEE688006DD3B0 /* PBXContainerItemProxy */;
		};
		A4BF6FC225FEE688006DD3B0 /* PBXTargetDependency */ = {
			isa = PBXTargetDependency;
			target = A4BF6F9E25FEE686006DD3B0 /* Task7 */;
			targetProxy = A4BF6FC125FEE688006DD3B0 /* PBXContainerItemProxy */;
		};
/* End PBXTargetDependency section */

/* Begin PBXVariantGroup section */
		A4BF6FA825FEE686006DD3B0 /* Main.storyboard */ = {
			isa = PBXVariantGroup;
			children = (
				A4BF6FA925FEE686006DD3B0 /* Base */,
			);
			name = Main.storyboard;
			sourceTree = "<group>";
		};
		A4BF6FAD25FEE688006DD3B0 /* LaunchScreen.storyboard */ = {
			isa = PBXVariantGroup;
			children = (
				A4BF6FAE25FEE688006DD3B0 /* Base */,
			);
			name = LaunchScreen.storyboard;
			sourceTree = "<group>";
		};
/* End PBXVariantGroup section */

/* Begin XCBuildConfiguration section */
		A4BF6FC725FEE688006DD3B0 /* Debug */ = {
			isa = XCBuildConfiguration;
			buildSettings = {
				ALWAYS_SEARCH_USER_PATHS = NO;
				CLANG_ANALYZER_NONNULL = YES;
				CLANG_ANALYZER_NUMBER_OBJECT_CONVERSION = YES_AGGRESSIVE;
				CLANG_CXX_LANGUAGE_STANDARD = "gnu++14";
				CLANG_CXX_LIBRARY = "libc++";
				CLANG_ENABLE_MODULES = YES;
				CLANG_ENABLE_OBJC_ARC = YES;
				CLANG_ENABLE_OBJC_WEAK = YES;
				CLANG_WARN_BLOCK_CAPTURE_AUTORELEASING = YES;
				CLANG_WARN_BOOL_CONVERSION = YES;
				CLANG_WARN_COMMA = YES;
				CLANG_WARN_CONSTANT_CONVERSION = YES;
				CLANG_WARN_DEPRECATED_OBJC_IMPLEMENTATIONS = YES;
				CLANG_WARN_DIRECT_OBJC_ISA_USAGE = YES_ERROR;
				CLANG_WARN_DOCUMENTATION_COMMENTS = YES;
				CLANG_WARN_EMPTY_BODY = YES;
				CLANG_WARN_ENUM_CONVERSION = YES;
				CLANG_WARN_INFINITE_RECURSION = YES;
				CLANG_WARN_INT_CONVERSION = YES;
				CLANG_WARN_NON_LITERAL_NULL_CONVERSION = YES;
				CLANG_WARN_OBJC_IMPLICIT_RETAIN_SELF = YES;
				CLANG_WARN_OBJC_LITERAL_CONVERSION = YES;
				CLANG_WARN_OBJC_ROOT_CLASS = YES_ERROR;
				CLANG_WARN_QUOTED_INCLUDE_IN_FRAMEWORK_HEADER = YES;
				CLANG_WARN_RANGE_LOOP_ANALYSIS = YES;
				CLANG_WARN_STRICT_PROTOTYPES = YES;
				CLANG_WARN_SUSPICIOUS_MOVE = YES;
				CLANG_WARN_UNGUARDED_AVAILABILITY = YES_AGGRESSIVE;
				CLANG_WARN_UNREACHABLE_CODE = YES;
				CLANG_WARN__DUPLICATE_METHOD_MATCH = YES;
				COPY_PHASE_STRIP = NO;
				DEBUG_INFORMATION_FORMAT = dwarf;
				ENABLE_STRICT_OBJC_MSGSEND = YES;
				ENABLE_TESTABILITY = YES;
				GCC_C_LANGUAGE_STANDARD = gnu11;
				GCC_DYNAMIC_NO_PIC = NO;
				GCC_NO_COMMON_BLOCKS = YES;
				GCC_OPTIMIZATION_LEVEL = 0;
				GCC_PREPROCESSOR_DEFINITIONS = (
					"DEBUG=1",
					"$(inherited)",
				);
				GCC_WARN_64_TO_32_BIT_CONVERSION = YES;
				GCC_WARN_ABOUT_RETURN_TYPE = YES_ERROR;
				GCC_WARN_UNDECLARED_SELECTOR = YES;
				GCC_WARN_UNINITIALIZED_AUTOS = YES_AGGRESSIVE;
				GCC_WARN_UNUSED_FUNCTION = YES;
				GCC_WARN_UNUSED_VARIABLE = YES;
				IPHONEOS_DEPLOYMENT_TARGET = 14.4;
				MTL_ENABLE_DEBUG_INFO = INCLUDE_SOURCE;
				MTL_FAST_MATH = YES;
				ONLY_ACTIVE_ARCH = YES;
				SDKROOT = iphoneos;
				SWIFT_ACTIVE_COMPILATION_CONDITIONS = DEBUG;
				SWIFT_OPTIMIZATION_LEVEL = "-Onone";
			};
			name = Debug;
		};
		A4BF6FC825FEE688006DD3B0 /* Release */ = {
			isa = XCBuildConfiguration;
			buildSettings = {
				ALWAYS_SEARCH_USER_PATHS = NO;
				CLANG_ANALYZER_NONNULL = YES;
				CLANG_ANALYZER_NUMBER_OBJECT_CONVERSION = YES_AGGRESSIVE;
				CLANG_CXX_LANGUAGE_STANDARD = "gnu++14";
				CLANG_CXX_LIBRARY = "libc++";
				CLANG_ENABLE_MODULES = YES;
				CLANG_ENABLE_OBJC_ARC = YES;
				CLANG_ENABLE_OBJC_WEAK = YES;
				CLANG_WARN_BLOCK_CAPTURE_AUTORELEASING = YES;
				CLANG_WARN_BOOL_CONVERSION = YES;
				CLANG_WARN_COMMA = YES;
				CLANG_WARN_CONSTANT_CONVERSION = YES;
				CLANG_WARN_DEPRECATED_OBJC_IMPLEMENTATIONS = YES;
				CLANG_WARN_DIRECT_OBJC_ISA_USAGE = YES_ERROR;
				CLANG_WARN_DOCUMENTATION_COMMENTS = YES;
				CLANG_WARN_EMPTY_BODY = YES;
				CLANG_WARN_ENUM_CONVERSION = YES;
				CLANG_WARN_INFINITE_RECURSION = YES;
				CLANG_WARN_INT_CONVERSION = YES;
				CLANG_WARN_NON_LITERAL_NULL_CONVERSION = YES;
				CLANG_WARN_OBJC_IMPLICIT_RETAIN_SELF = YES;
				CLANG_WARN_OBJC_LITERAL_CONVERSION = YES;
				CLANG_WARN_OBJC_ROOT_CLASS = YES_ERROR;
				CLANG_WARN_QUOTED_INCLUDE_IN_FRAMEWORK_HEADER = YES;
				CLANG_WARN_RANGE_LOOP_ANALYSIS = YES;
				CLANG_WARN_STRICT_PROTOTYPES = YES;
				CLANG_WARN_SUSPICIOUS_MOVE = YES;
				CLANG_WARN_UNGUARDED_AVAILABILITY = YES_AGGRESSIVE;
				CLANG_WARN_UNREACHABLE_CODE = YES;
				CLANG_WARN__DUPLICATE_METHOD_MATCH = YES;
				COPY_PHASE_STRIP = NO;
				DEBUG_INFORMATION_FORMAT = "dwarf-with-dsym";
				ENABLE_NS_ASSERTIONS = NO;
				ENABLE_STRICT_OBJC_MSGSEND = YES;
				GCC_C_LANGUAGE_STANDARD = gnu11;
				GCC_NO_COMMON_BLOCKS = YES;
				GCC_WARN_64_TO_32_BIT_CONVERSION = YES;
				GCC_WARN_ABOUT_RETURN_TYPE = YES_ERROR;
				GCC_WARN_UNDECLARED_SELECTOR = YES;
				GCC_WARN_UNINITIALIZED_AUTOS = YES_AGGRESSIVE;
				GCC_WARN_UNUSED_FUNCTION = YES;
				GCC_WARN_UNUSED_VARIABLE = YES;
				IPHONEOS_DEPLOYMENT_TARGET = 14.4;
				MTL_ENABLE_DEBUG_INFO = NO;
				MTL_FAST_MATH = YES;
				SDKROOT = iphoneos;
				SWIFT_COMPILATION_MODE = wholemodule;
				SWIFT_OPTIMIZATION_LEVEL = "-O";
				VALIDATE_PRODUCT = YES;
			};
			name = Release;
		};
		A4BF6FCA25FEE688006DD3B0 /* Debug */ = {
			isa = XCBuildConfiguration;
			buildSettings = {
				ASSETCATALOG_COMPILER_APPICON_NAME = AppIcon;
				ASSETCATALOG_COMPILER_GLOBAL_ACCENT_COLOR_NAME = AccentColor;
				CODE_SIGN_STYLE = Automatic;
				DEVELOPMENT_TEAM = 8HSC6WJMH6;
				INFOPLIST_FILE = Task7/Info.plist;
				LD_RUNPATH_SEARCH_PATHS = (
					"$(inherited)",
					"@executable_path/Frameworks",
				);
				PRODUCT_BUNDLE_IDENTIFIER = jp.techacademy.kazuma.miura2.Task7;
				PRODUCT_NAME = "$(TARGET_NAME)";
				SWIFT_VERSION = 5.0;
				TARGETED_DEVICE_FAMILY = "1,2";
			};
			name = Debug;
		};
		A4BF6FCB25FEE688006DD3B0 /* Release */ = {
			isa = XCBuildConfiguration;
			buildSettings = {
				ASSETCATALOG_COMPILER_APPICON_NAME = AppIcon;
				ASSETCATALOG_COMPILER_GLOBAL_ACCENT_COLOR_NAME = AccentColor;
				CODE_SIGN_STYLE = Automatic;
				DEVELOPMENT_TEAM = 8HSC6WJMH6;
				INFOPLIST_FILE = Task7/Info.plist;
				LD_RUNPATH_SEARCH_PATHS = (
					"$(inherited)",
					"@executable_path/Frameworks",
				);
				PRODUCT_BUNDLE_IDENTIFIER = jp.techacademy.kazuma.miura2.Task7;
				PRODUCT_NAME = "$(TARGET_NAME)";
				SWIFT_VERSION = 5.0;
				TARGETED_DEVICE_FAMILY = "1,2";
			};
			name = Release;
		};
		A4BF6FCD25FEE688006DD3B0 /* Debug */ = {
			isa = XCBuildConfiguration;
			buildSettings = {
				ALWAYS_EMBED_SWIFT_STANDARD_LIBRARIES = YES;
				BUNDLE_LOADER = "$(TEST_HOST)";
				CODE_SIGN_STYLE = Automatic;
				DEVELOPMENT_TEAM = 8HSC6WJMH6;
				INFOPLIST_FILE = Task7Tests/Info.plist;
				IPHONEOS_DEPLOYMENT_TARGET = 14.4;
				LD_RUNPATH_SEARCH_PATHS = (
					"$(inherited)",
					"@executable_path/Frameworks",
					"@loader_path/Frameworks",
				);
				PRODUCT_BUNDLE_IDENTIFIER = jp.techacademy.kazuma.miura2.Task7Tests;
				PRODUCT_NAME = "$(TARGET_NAME)";
				SWIFT_VERSION = 5.0;
				TARGETED_DEVICE_FAMILY = "1,2";
				TEST_HOST = "$(BUILT_PRODUCTS_DIR)/Task7.app/Task7";
			};
			name = Debug;
		};
		A4BF6FCE25FEE688006DD3B0 /* Release */ = {
			isa = XCBuildConfiguration;
			buildSettings = {
				ALWAYS_EMBED_SWIFT_STANDARD_LIBRARIES = YES;
				BUNDLE_LOADER = "$(TEST_HOST)";
				CODE_SIGN_STYLE = Automatic;
				DEVELOPMENT_TEAM = 8HSC6WJMH6;
				INFOPLIST_FILE = Task7Tests/Info.plist;
				IPHONEOS_DEPLOYMENT_TARGET = 14.4;
				LD_RUNPATH_SEARCH_PATHS = (
					"$(inherited)",
					"@executable_path/Frameworks",
					"@loader_path/Frameworks",
				);
				PRODUCT_BUNDLE_IDENTIFIER = jp.techacademy.kazuma.miura2.Task7Tests;
				PRODUCT_NAME = "$(TARGET_NAME)";
				SWIFT_VERSION = 5.0;
				TARGETED_DEVICE_FAMILY = "1,2";
				TEST_HOST = "$(BUILT_PRODUCTS_DIR)/Task7.app/Task7";
			};
			name = Release;
		};
		A4BF6FD025FEE688006DD3B0 /* Debug */ = {
			isa = XCBuildConfiguration;
			buildSettings = {
				ALWAYS_EMBED_SWIFT_STANDARD_LIBRARIES = YES;
				CODE_SIGN_STYLE = Automatic;
				DEVELOPMENT_TEAM = 8HSC6WJMH6;
				INFOPLIST_FILE = Task7UITests/Info.plist;
				LD_RUNPATH_SEARCH_PATHS = (
					"$(inherited)",
					"@executable_path/Frameworks",
					"@loader_path/Frameworks",
				);
				PRODUCT_BUNDLE_IDENTIFIER = jp.techacademy.kazuma.miura2.Task7UITests;
				PRODUCT_NAME = "$(TARGET_NAME)";
				SWIFT_VERSION = 5.0;
				TARGETED_DEVICE_FAMILY = "1,2";
				TEST_TARGET_NAME = Task7;
			};
			name = Debug;
		};
		A4BF6FD125FEE688006DD3B0 /* Release */ = {
			isa = XCBuildConfiguration;
			buildSettings = {
				ALWAYS_EMBED_SWIFT_STANDARD_LIBRARIES = YES;
				CODE_SIGN_STYLE = Automatic;
				DEVELOPMENT_TEAM = 8HSC6WJMH6;
				INFOPLIST_FILE = Task7UITests/Info.plist;
				LD_RUNPATH_SEARCH_PATHS = (
					"$(inherited)",
					"@executable_path/Frameworks",
					"@loader_path/Frameworks",
				);
				PRODUCT_BUNDLE_IDENTIFIER = jp.techacademy.kazuma.miura2.Task7UITests;
				PRODUCT_NAME = "$(TARGET_NAME)";
				SWIFT_VERSION = 5.0;
				TARGETED_DEVICE_FAMILY = "1,2";
				TEST_TARGET_NAME = Task7;
			};
			name = Release;
		};
/* End XCBuildConfiguration section */

/* Begin XCConfigurationList section */
		A4BF6F9A25FEE686006DD3B0 /* Build configuration list for PBXProject "Task7" */ = {
			isa = XCConfigurationList;
			buildConfigurations = (
				A4BF6FC725FEE688006DD3B0 /* Debug */,
				A4BF6FC825FEE688006DD3B0 /* Release */,
			);
			defaultConfigurationIsVisible = 0;
			defaultConfigurationName = Release;
		};
		A4BF6FC925FEE688006DD3B0 /* Build configuration list for PBXNativeTarget "Task7" */ = {
			isa = XCConfigurationList;
			buildConfigurations = (
				A4BF6FCA25FEE688006DD3B0 /* Debug */,
				A4BF6FCB25FEE688006DD3B0 /* Release */,
			);
			defaultConfigurationIsVisible = 0;
			defaultConfigurationName = Release;
		};
		A4BF6FCC25FEE688006DD3B0 /* Build configuration list for PBXNativeTarget "Task7Tests" */ = {
			isa = XCConfigurationList;
			buildConfigurations = (
				A4BF6FCD25FEE688006DD3B0 /* Debug */,
				A4BF6FCE25FEE688006DD3B0 /* Release */,
			);
			defaultConfigurationIsVisible = 0;
			defaultConfigurationName = Release;
		};
		A4BF6FCF25FEE688006DD3B0 /* Build configuration list for PBXNativeTarget "Task7UITests" */ = {
			isa = XCConfigurationList;
			buildConfigurations = (
				A4BF6FD025FEE688006DD3B0 /* Debug */,
				A4BF6FD125FEE688006DD3B0 /* Release */,
			);
			defaultConfigurationIsVisible = 0;
			defaultConfigurationName = Release;
		};
/* End XCConfigurationList section */
	};
	rootObject = A4BF6F9725FEE686006DD3B0 /* Project object */;
}
